
Microsoft Visual Studio Solution File, Format Version 12.00
# Visual Studio Version 17
VisualStudioVersion = 17.13.35913.81
MinimumVisualStudioVersion = 10.0.40219.1
Project("{FAE04EC0-301F-11D3-BF4B-00C04F79EFBC}") = "CodiceFiscaleRazorApp", "CodiceFiscaleRazorApp.csproj", "{0198CF4A-C6F3-4A15-AAF7-DBE98592C18B}"
EndProject
Project("{FAE04EC0-301F-11D3-BF4B-00C04F79EFBC}") = "CodiceFiscaleRazorAppTest", "..\CodiceFiscaleRazorAppTest\CodiceFiscaleRazorAppTest.csproj", "{45E5412E-061D-496C-B01E-1393404936DC}"
EndProject
Global
	GlobalSection(SolutionConfigurationPlatforms) = preSolution
		Debug|Any CPU = Debug|Any CPU
		Release|Any CPU = Release|Any CPU
	EndGlobalSection
	GlobalSection(ProjectConfigurationPlatforms) = postSolution
		{0198CF4A-C6F3-4A15-AAF7-DBE98592C18B}.Debug|Any CPU.ActiveCfg = Debug|Any CPU
		{0198CF4A-C6F3-4A15-AAF7-DBE98592C18B}.Debug|Any CPU.Build.0 = Debug|Any CPU
		{0198CF4A-C6F3-4A15-AAF7-DBE98592C18B}.Release|Any CPU.ActiveCfg = Release|Any CPU
		{0198CF4A-C6F3-4A15-AAF7-DBE98592C18B}.Release|Any CPU.Build.0 = Release|Any CPU
		{45E5412E-061D-496C-B01E-1393404936DC}.Debug|Any CPU.ActiveCfg = Debug|Any CPU
		{45E5412E-061D-496C-B01E-1393404936DC}.Debug|Any CPU.Build.0 = Debug|Any CPU
		{45E5412E-061D-496C-B01E-1393404936DC}.Release|Any CPU.ActiveCfg = Release|Any CPU
		{45E5412E-061D-496C-B01E-1393404936DC}.Release|Any CPU.Build.0 = Release|Any CPU
	EndGlobalSection
	GlobalSection(SolutionProperties) = preSolution
		HideSolutionNode = FALSE
	EndGlobalSection
	GlobalSection(ExtensibilityGlobals) = postSolution
		SolutionGuid = {04BBDFE9-46C0-49B7-8078-B572202B7213}
	EndGlobalSection
EndGlobal
